// !$*UTF8*$!
{
	archiveVersion = 1;
	classes = {
	};
	objectVersion = 56;
	objects = {

/* Begin PBXBuildFile section */
		6E1034692C3EC296002238DD /* MainViewAuth.swift in Sources */ = {isa = PBXBuildFile; fileRef = 6E1034682C3EC296002238DD /* MainViewAuth.swift */; };
		6E10346E2C3EC9A9002238DD /* CustomButton.swift in Sources */ = {isa = PBXBuildFile; fileRef = 6E10346D2C3EC9A9002238DD /* CustomButton.swift */; };
		6E1034702C3ED3F9002238DD /* CustomTextField.swift in Sources */ = {isa = PBXBuildFile; fileRef = 6E10346F2C3ED3F9002238DD /* CustomTextField.swift */; };
		6E1034742C3ED62E002238DD /* RegisterView.swift in Sources */ = {isa = PBXBuildFile; fileRef = 6E1034732C3ED62E002238DD /* RegisterView.swift */; };
		6E1034792C3EDC24002238DD /* CheckBoxView.swift in Sources */ = {isa = PBXBuildFile; fileRef = 6E1034782C3EDC24002238DD /* CheckBoxView.swift */; };
		6E23568E2C477A2A000A251F /* ChartData.swift in Sources */ = {isa = PBXBuildFile; fileRef = 6E23568D2C477A29000A251F /* ChartData.swift */; };
		6E2356902C477A48000A251F /* ChartHomeView.swift in Sources */ = {isa = PBXBuildFile; fileRef = 6E23568F2C477A48000A251F /* ChartHomeView.swift */; };
		6E2356922C47878E000A251F /* WaterIntake.swift in Sources */ = {isa = PBXBuildFile; fileRef = 6E2356912C47878E000A251F /* WaterIntake.swift */; };
		6E2356942C4810BE000A251F /* SleepView.swift in Sources */ = {isa = PBXBuildFile; fileRef = 6E2356932C4810BE000A251F /* SleepView.swift */; };
		6E2356962C48287F000A251F /* DashboardView.swift in Sources */ = {isa = PBXBuildFile; fileRef = 6E2356952C48287F000A251F /* DashboardView.swift */; };
		6E2356982C48D628000A251F /* WorkoutProgressView.swift in Sources */ = {isa = PBXBuildFile; fileRef = 6E2356972C48D628000A251F /* WorkoutProgressView.swift */; };
		6E2C196D2C402E0A0077D25B /* ProfileDetails.swift in Sources */ = {isa = PBXBuildFile; fileRef = 6E2C196C2C402E0A0077D25B /* ProfileDetails.swift */; };
		6E2C196F2C40E9CB0077D25B /* RegistrationAuth.swift in Sources */ = {isa = PBXBuildFile; fileRef = 6E2C196E2C40E9CB0077D25B /* RegistrationAuth.swift */; };
		6E2C19742C4159FD0077D25B /* FirebaseAuth in Frameworks */ = {isa = PBXBuildFile; productRef = 6E2C19732C4159FD0077D25B /* FirebaseAuth */; };
		6E2C19762C4159FD0077D25B /* FirebaseDatabase in Frameworks */ = {isa = PBXBuildFile; productRef = 6E2C19752C4159FD0077D25B /* FirebaseDatabase */; };
		6E2C19782C4159FD0077D25B /* FirebaseDatabaseSwift in Frameworks */ = {isa = PBXBuildFile; productRef = 6E2C19772C4159FD0077D25B /* FirebaseDatabaseSwift */; };
		6E2C197A2C4159FD0077D25B /* FirebaseFirestore in Frameworks */ = {isa = PBXBuildFile; productRef = 6E2C19792C4159FD0077D25B /* FirebaseFirestore */; };
		6E2C197C2C4159FD0077D25B /* FirebaseFirestoreSwift in Frameworks */ = {isa = PBXBuildFile; productRef = 6E2C197B2C4159FD0077D25B /* FirebaseFirestoreSwift */; };
		6E2C197E2C4159FD0077D25B /* FirebaseStorage in Frameworks */ = {isa = PBXBuildFile; productRef = 6E2C197D2C4159FD0077D25B /* FirebaseStorage */; };
		6E2C19802C415B080077D25B /* GoogleService-Info.plist in Resources */ = {isa = PBXBuildFile; fileRef = 6E2C197F2C415B080077D25B /* GoogleService-Info.plist */; };
		6E2C19842C4170BE0077D25B /* ProfileHelper.swift in Sources */ = {isa = PBXBuildFile; fileRef = 6E2C19832C4170BE0077D25B /* ProfileHelper.swift */; };
		6E2C19862C41727C0077D25B /* RegistrationViewHelper.swift in Sources */ = {isa = PBXBuildFile; fileRef = 6E2C19852C41727C0077D25B /* RegistrationViewHelper.swift */; };
		6E2C19892C4175960077D25B /* CustomTab.swift in Sources */ = {isa = PBXBuildFile; fileRef = 6E2C19882C4175960077D25B /* CustomTab.swift */; };
		6E2C198B2C4177DB0077D25B /* MainTabView.swift in Sources */ = {isa = PBXBuildFile; fileRef = 6E2C198A2C4177DB0077D25B /* MainTabView.swift */; };
		6E2C198F2C4178090077D25B /* HomeView.swift in Sources */ = {isa = PBXBuildFile; fileRef = 6E2C198E2C4178090077D25B /* HomeView.swift */; };
		6E2C19932C41786C0077D25B /* ActivityView.swift in Sources */ = {isa = PBXBuildFile; fileRef = 6E2C19922C41786C0077D25B /* ActivityView.swift */; };
		6E2C19982C4179080077D25B /* Profile.swift in Sources */ = {isa = PBXBuildFile; fileRef = 6E2C19972C4179080077D25B /* Profile.swift */; };
		6E2C199B2C41792E0077D25B /* ProgressTracker.swift in Sources */ = {isa = PBXBuildFile; fileRef = 6E2C199A2C41792E0077D25B /* ProgressTracker.swift */; };
		6E2D4A392C3F35A900FD13A7 /* LoginView.swift in Sources */ = {isa = PBXBuildFile; fileRef = 6E2D4A382C3F35A900FD13A7 /* LoginView.swift */; };
		6E2D4A3B2C3F8DAD00FD13A7 /* AuthFormView.swift in Sources */ = {isa = PBXBuildFile; fileRef = 6E2D4A3A2C3F8DAD00FD13A7 /* AuthFormView.swift */; };
		6E2D4A3D2C3F8E4200FD13A7 /* AuthField.swift in Sources */ = {isa = PBXBuildFile; fileRef = 6E2D4A3C2C3F8E4200FD13A7 /* AuthField.swift */; };
		6E8765DE2C3E3C4800942603 /* FitnestXApp.swift in Sources */ = {isa = PBXBuildFile; fileRef = 6E8765DD2C3E3C4800942603 /* FitnestXApp.swift */; };
		6E8765E02C3E3C4800942603 /* ContentView.swift in Sources */ = {isa = PBXBuildFile; fileRef = 6E8765DF2C3E3C4800942603 /* ContentView.swift */; };
		6E8765E22C3E3C5D00942603 /* Assets.xcassets in Resources */ = {isa = PBXBuildFile; fileRef = 6E8765E12C3E3C5D00942603 /* Assets.xcassets */; };
		6E8765E52C3E3C5D00942603 /* Preview Assets.xcassets in Resources */ = {isa = PBXBuildFile; fileRef = 6E8765E42C3E3C5D00942603 /* Preview Assets.xcassets */; };
		6E8765EF2C3E3F5500942603 /* IntroScreen.swift in Sources */ = {isa = PBXBuildFile; fileRef = 6E8765EE2C3E3F5500942603 /* IntroScreen.swift */; };
		6E8765F22C3E411300942603 /* Extensions.swift in Sources */ = {isa = PBXBuildFile; fileRef = 6E8765F12C3E411300942603 /* Extensions.swift */; };
		6E8765F42C3E497B00942603 /* OnboardingPage.swift in Sources */ = {isa = PBXBuildFile; fileRef = 6E8765F32C3E497B00942603 /* OnboardingPage.swift */; };
		6EAB466F2C4575AE00B3B09F /* RounedSectorSpaceView.swift in Sources */ = {isa = PBXBuildFile; fileRef = 6EAB466E2C4575AE00B3B09F /* RounedSectorSpaceView.swift */; };
		6EAB46712C4575CB00B3B09F /* BMIdata.swift in Sources */ = {isa = PBXBuildFile; fileRef = 6EAB46702C4575CB00B3B09F /* BMIdata.swift */; };
		6EAB46762C46B91400B3B09F /* HeartRateData.swift in Sources */ = {isa = PBXBuildFile; fileRef = 6EAB46752C46B91400B3B09F /* HeartRateData.swift */; };
		6EC4A2572C4974C3009E8A47 /* ProgressBar.swift in Sources */ = {isa = PBXBuildFile; fileRef = 6EC4A2562C4974C3009E8A47 /* ProgressBar.swift */; };
		6EEEA2532C428F0D00CAC200 /* UserService.swift in Sources */ = {isa = PBXBuildFile; fileRef = 6EEEA2522C428F0D00CAC200 /* UserService.swift */; };
		6EEEA2552C42921700CAC200 /* User.swift in Sources */ = {isa = PBXBuildFile; fileRef = 6EEEA2542C42921700CAC200 /* User.swift */; };
		6EEEA2582C4345BB00CAC200 /* GoogleSignIn in Frameworks */ = {isa = PBXBuildFile; productRef = 6EEEA2572C4345BB00CAC200 /* GoogleSignIn */; };
		6EEEA25A2C4345BB00CAC200 /* GoogleSignInSwift in Frameworks */ = {isa = PBXBuildFile; productRef = 6EEEA2592C4345BB00CAC200 /* GoogleSignInSwift */; };
		6EEEA25C2C43477E00CAC200 /* credentials.plist in Resources */ = {isa = PBXBuildFile; fileRef = 6EEEA25B2C43477E00CAC200 /* credentials.plist */; };
/* End PBXBuildFile section */

/* Begin PBXFileReference section */
		6E1034682C3EC296002238DD /* MainViewAuth.swift */ = {isa = PBXFileReference; lastKnownFileType = sourcecode.swift; path = MainViewAuth.swift; sourceTree = "<group>"; };
		6E10346D2C3EC9A9002238DD /* CustomButton.swift */ = {isa = PBXFileReference; lastKnownFileType = sourcecode.swift; path = CustomButton.swift; sourceTree = "<group>"; };
		6E10346F2C3ED3F9002238DD /* CustomTextField.swift */ = {isa = PBXFileReference; lastKnownFileType = sourcecode.swift; path = CustomTextField.swift; sourceTree = "<group>"; };
		6E1034732C3ED62E002238DD /* RegisterView.swift */ = {isa = PBXFileReference; lastKnownFileType = sourcecode.swift; path = RegisterView.swift; sourceTree = "<group>"; };
		6E1034782C3EDC24002238DD /* CheckBoxView.swift */ = {isa = PBXFileReference; lastKnownFileType = sourcecode.swift; path = CheckBoxView.swift; sourceTree = "<group>"; };
		6E23568D2C477A29000A251F /* ChartData.swift */ = {isa = PBXFileReference; fileEncoding = 4; lastKnownFileType = sourcecode.swift; path = ChartData.swift; sourceTree = "<group>"; };
		6E23568F2C477A48000A251F /* ChartHomeView.swift */ = {isa = PBXFileReference; fileEncoding = 4; lastKnownFileType = sourcecode.swift; path = ChartHomeView.swift; sourceTree = "<group>"; };
		6E2356912C47878E000A251F /* WaterIntake.swift */ = {isa = PBXFileReference; lastKnownFileType = sourcecode.swift; path = WaterIntake.swift; sourceTree = "<group>"; };
		6E2356932C4810BE000A251F /* SleepView.swift */ = {isa = PBXFileReference; lastKnownFileType = sourcecode.swift; path = SleepView.swift; sourceTree = "<group>"; };
		6E2356952C48287F000A251F /* DashboardView.swift */ = {isa = PBXFileReference; lastKnownFileType = sourcecode.swift; path = DashboardView.swift; sourceTree = "<group>"; };
		6E2356972C48D628000A251F /* WorkoutProgressView.swift */ = {isa = PBXFileReference; lastKnownFileType = sourcecode.swift; path = WorkoutProgressView.swift; sourceTree = "<group>"; };
		6E2C196C2C402E0A0077D25B /* ProfileDetails.swift */ = {isa = PBXFileReference; lastKnownFileType = sourcecode.swift; path = ProfileDetails.swift; sourceTree = "<group>"; };
		6E2C196E2C40E9CB0077D25B /* RegistrationAuth.swift */ = {isa = PBXFileReference; lastKnownFileType = sourcecode.swift; path = RegistrationAuth.swift; sourceTree = "<group>"; };
		6E2C197F2C415B080077D25B /* GoogleService-Info.plist */ = {isa = PBXFileReference; fileEncoding = 4; lastKnownFileType = text.plist.xml; name = "GoogleService-Info.plist"; path = "../../../GoogleService-Info.plist"; sourceTree = "<group>"; };
		6E2C19812C4160B10077D25B /* GoogleService-Info.plist */ = {isa = PBXFileReference; lastKnownFileType = text.plist.xml; path = "GoogleService-Info.plist"; sourceTree = "<group>"; };
		6E2C19832C4170BE0077D25B /* ProfileHelper.swift */ = {isa = PBXFileReference; lastKnownFileType = sourcecode.swift; path = ProfileHelper.swift; sourceTree = "<group>"; };
		6E2C19852C41727C0077D25B /* RegistrationViewHelper.swift */ = {isa = PBXFileReference; lastKnownFileType = sourcecode.swift; path = RegistrationViewHelper.swift; sourceTree = "<group>"; };
		6E2C19882C4175960077D25B /* CustomTab.swift */ = {isa = PBXFileReference; lastKnownFileType = sourcecode.swift; path = CustomTab.swift; sourceTree = "<group>"; };
		6E2C198A2C4177DB0077D25B /* MainTabView.swift */ = {isa = PBXFileReference; lastKnownFileType = sourcecode.swift; path = MainTabView.swift; sourceTree = "<group>"; };
		6E2C198E2C4178090077D25B /* HomeView.swift */ = {isa = PBXFileReference; lastKnownFileType = sourcecode.swift; path = HomeView.swift; sourceTree = "<group>"; };
		6E2C19922C41786C0077D25B /* ActivityView.swift */ = {isa = PBXFileReference; lastKnownFileType = sourcecode.swift; path = ActivityView.swift; sourceTree = "<group>"; };
		6E2C19972C4179080077D25B /* Profile.swift */ = {isa = PBXFileReference; lastKnownFileType = sourcecode.swift; path = Profile.swift; sourceTree = "<group>"; };
		6E2C199A2C41792E0077D25B /* ProgressTracker.swift */ = {isa = PBXFileReference; lastKnownFileType = sourcecode.swift; path = ProgressTracker.swift; sourceTree = "<group>"; };
		6E2D4A382C3F35A900FD13A7 /* LoginView.swift */ = {isa = PBXFileReference; lastKnownFileType = sourcecode.swift; path = LoginView.swift; sourceTree = "<group>"; };
		6E2D4A3A2C3F8DAD00FD13A7 /* AuthFormView.swift */ = {isa = PBXFileReference; lastKnownFileType = sourcecode.swift; path = AuthFormView.swift; sourceTree = "<group>"; };
		6E2D4A3C2C3F8E4200FD13A7 /* AuthField.swift */ = {isa = PBXFileReference; lastKnownFileType = sourcecode.swift; path = AuthField.swift; sourceTree = "<group>"; };
		6E8765DA2C3E3C4800942603 /* FitnestX.app */ = {isa = PBXFileReference; explicitFileType = wrapper.application; includeInIndex = 0; path = FitnestX.app; sourceTree = BUILT_PRODUCTS_DIR; };
		6E8765DD2C3E3C4800942603 /* FitnestXApp.swift */ = {isa = PBXFileReference; lastKnownFileType = sourcecode.swift; path = FitnestXApp.swift; sourceTree = "<group>"; };
		6E8765DF2C3E3C4800942603 /* ContentView.swift */ = {isa = PBXFileReference; lastKnownFileType = sourcecode.swift; path = ContentView.swift; sourceTree = "<group>"; };
		6E8765E12C3E3C5D00942603 /* Assets.xcassets */ = {isa = PBXFileReference; lastKnownFileType = folder.assetcatalog; path = Assets.xcassets; sourceTree = "<group>"; };
		6E8765E42C3E3C5D00942603 /* Preview Assets.xcassets */ = {isa = PBXFileReference; lastKnownFileType = folder.assetcatalog; path = "Preview Assets.xcassets"; sourceTree = "<group>"; };
		6E8765EE2C3E3F5500942603 /* IntroScreen.swift */ = {isa = PBXFileReference; lastKnownFileType = sourcecode.swift; path = IntroScreen.swift; sourceTree = "<group>"; };
		6E8765F12C3E411300942603 /* Extensions.swift */ = {isa = PBXFileReference; lastKnownFileType = sourcecode.swift; path = Extensions.swift; sourceTree = "<group>"; };
		6E8765F32C3E497B00942603 /* OnboardingPage.swift */ = {isa = PBXFileReference; lastKnownFileType = sourcecode.swift; path = OnboardingPage.swift; sourceTree = "<group>"; };
		6EAB466E2C4575AE00B3B09F /* RounedSectorSpaceView.swift */ = {isa = PBXFileReference; lastKnownFileType = sourcecode.swift; path = RounedSectorSpaceView.swift; sourceTree = "<group>"; };
		6EAB46702C4575CB00B3B09F /* BMIdata.swift */ = {isa = PBXFileReference; lastKnownFileType = sourcecode.swift; path = BMIdata.swift; sourceTree = "<group>"; };
		6EAB46752C46B91400B3B09F /* HeartRateData.swift */ = {isa = PBXFileReference; lastKnownFileType = sourcecode.swift; path = HeartRateData.swift; sourceTree = "<group>"; };
		6EC4A2562C4974C3009E8A47 /* ProgressBar.swift */ = {isa = PBXFileReference; lastKnownFileType = sourcecode.swift; path = ProgressBar.swift; sourceTree = "<group>"; };
		6EEEA2522C428F0D00CAC200 /* UserService.swift */ = {isa = PBXFileReference; lastKnownFileType = sourcecode.swift; path = UserService.swift; sourceTree = "<group>"; };
		6EEEA2542C42921700CAC200 /* User.swift */ = {isa = PBXFileReference; lastKnownFileType = sourcecode.swift; path = User.swift; sourceTree = "<group>"; };
		6EEEA25B2C43477E00CAC200 /* credentials.plist */ = {isa = PBXFileReference; fileEncoding = 4; lastKnownFileType = text.plist.xml; path = credentials.plist; sourceTree = "<group>"; };
/* End PBXFileReference section */

/* Begin PBXFrameworksBuildPhase section */
		6E8765D72C3E3C4800942603 /* Frameworks */ = {
			isa = PBXFrameworksBuildPhase;
			buildActionMask = 2147483647;
			files = (
				6E2C197C2C4159FD0077D25B /* FirebaseFirestoreSwift in Frameworks */,
				6E2C19782C4159FD0077D25B /* FirebaseDatabaseSwift in Frameworks */,
				6E2C197A2C4159FD0077D25B /* FirebaseFirestore in Frameworks */,
				6EEEA25A2C4345BB00CAC200 /* GoogleSignInSwift in Frameworks */,
				6E2C19762C4159FD0077D25B /* FirebaseDatabase in Frameworks */,
				6E2C19742C4159FD0077D25B /* FirebaseAuth in Frameworks */,
				6E2C197E2C4159FD0077D25B /* FirebaseStorage in Frameworks */,
				6EEEA2582C4345BB00CAC200 /* GoogleSignIn in Frameworks */,
			);
			runOnlyForDeploymentPostprocessing = 0;
		};
/* End PBXFrameworksBuildPhase section */

/* Begin PBXGroup section */
		6E1034672C3EC283002238DD /* View */ = {
			isa = PBXGroup;
			children = (
				6E2C19952C4178F30077D25B /* Profile */,
				6E2C19942C4178EC0077D25B /* ProgressTracker */,
				6E2C19902C4178380077D25B /* Activity */,
				6E2C198C2C4177F40077D25B /* Home */,
				6E2C19872C4175810077D25B /* MainTabView */,
			);
			path = View;
			sourceTree = "<group>";
		};
		6E10346B2C3EC95A002238DD /* ViewModel */ = {
			isa = PBXGroup;
			children = (
				6EEEA2522C428F0D00CAC200 /* UserService.swift */,
				6EEEA2542C42921700CAC200 /* User.swift */,
			);
			path = ViewModel;
			sourceTree = "<group>";
		};
		6E10346C2C3EC987002238DD /* ReuseableView */ = {
			isa = PBXGroup;
			children = (
				6E10346D2C3EC9A9002238DD /* CustomButton.swift */,
				6E10346F2C3ED3F9002238DD /* CustomTextField.swift */,
				6E1034782C3EDC24002238DD /* CheckBoxView.swift */,
				6EAB466E2C4575AE00B3B09F /* RounedSectorSpaceView.swift */,
				6EAB46702C4575CB00B3B09F /* BMIdata.swift */,
				6EC4A2562C4974C3009E8A47 /* ProgressBar.swift */,
			);
			path = ReuseableView;
			sourceTree = "<group>";
		};
		6E1034712C3ED610002238DD /* Auth */ = {
			isa = PBXGroup;
			children = (
				6E2D4A3E2C3F8E5600FD13A7 /* Model */,
				6E1034722C3ED619002238DD /* View */,
			);
			path = Auth;
			sourceTree = "<group>";
		};
		6E1034722C3ED619002238DD /* View */ = {
			isa = PBXGroup;
			children = (
				6E2C19822C4170AA0077D25B /* Helper */,
				6E1034682C3EC296002238DD /* MainViewAuth.swift */,
				6E1034732C3ED62E002238DD /* RegisterView.swift */,
				6E2D4A382C3F35A900FD13A7 /* LoginView.swift */,
				6E2D4A3A2C3F8DAD00FD13A7 /* AuthFormView.swift */,
				6E2C196C2C402E0A0077D25B /* ProfileDetails.swift */,
			);
			path = View;
			sourceTree = "<group>";
		};
		6E2C19822C4170AA0077D25B /* Helper */ = {
			isa = PBXGroup;
			children = (
				6E2C19832C4170BE0077D25B /* ProfileHelper.swift */,
				6E2C19852C41727C0077D25B /* RegistrationViewHelper.swift */,
			);
			path = Helper;
			sourceTree = "<group>";
		};
		6E2C19872C4175810077D25B /* MainTabView */ = {
			isa = PBXGroup;
			children = (
				6E2C19882C4175960077D25B /* CustomTab.swift */,
				6E2C198A2C4177DB0077D25B /* MainTabView.swift */,
			);
			path = MainTabView;
			sourceTree = "<group>";
		};
		6E2C198C2C4177F40077D25B /* Home */ = {
			isa = PBXGroup;
			children = (
				6EAB46742C46B8FA00B3B09F /* Model */,
				6E2C198D2C4177FA0077D25B /* View */,
			);
			path = Home;
			sourceTree = "<group>";
		};
		6E2C198D2C4177FA0077D25B /* View */ = {
			isa = PBXGroup;
			children = (
				6E23568F2C477A48000A251F /* ChartHomeView.swift */,
				6E2C198E2C4178090077D25B /* HomeView.swift */,
				6E2356912C47878E000A251F /* WaterIntake.swift */,
				6E2356932C4810BE000A251F /* SleepView.swift */,
				6E2356952C48287F000A251F /* DashboardView.swift */,
				6E2356972C48D628000A251F /* WorkoutProgressView.swift */,
			);
			path = View;
			sourceTree = "<group>";
		};
		6E2C19902C4178380077D25B /* Activity */ = {
			isa = PBXGroup;
			children = (
				6E2C19912C4178430077D25B /* View */,
			);
			path = Activity;
			sourceTree = "<group>";
		};
		6E2C19912C4178430077D25B /* View */ = {
			isa = PBXGroup;
			children = (
				6E2C19922C41786C0077D25B /* ActivityView.swift */,
			);
			path = View;
			sourceTree = "<group>";
		};
		6E2C19942C4178EC0077D25B /* ProgressTracker */ = {
			isa = PBXGroup;
			children = (
				6E2C19992C4179200077D25B /* View */,
			);
			path = ProgressTracker;
			sourceTree = "<group>";
		};
		6E2C19952C4178F30077D25B /* Profile */ = {
			isa = PBXGroup;
			children = (
				6E2C19962C4178FB0077D25B /* View */,
			);
			path = Profile;
			sourceTree = "<group>";
		};
		6E2C19962C4178FB0077D25B /* View */ = {
			isa = PBXGroup;
			children = (
				6E2C19972C4179080077D25B /* Profile.swift */,
			);
			path = View;
			sourceTree = "<group>";
		};
		6E2C19992C4179200077D25B /* View */ = {
			isa = PBXGroup;
			children = (
				6E2C199A2C41792E0077D25B /* ProgressTracker.swift */,
			);
			path = View;
			sourceTree = "<group>";
		};
		6E2D4A3E2C3F8E5600FD13A7 /* Model */ = {
			isa = PBXGroup;
			children = (
				6E2D4A3C2C3F8E4200FD13A7 /* AuthField.swift */,
				6E2C196E2C40E9CB0077D25B /* RegistrationAuth.swift */,
			);
			path = Model;
			sourceTree = "<group>";
		};
		6E8765D12C3E3C4800942603 = {
			isa = PBXGroup;
			children = (
				6E2C19812C4160B10077D25B /* GoogleService-Info.plist */,
				6EEEA25B2C43477E00CAC200 /* credentials.plist */,
				6E8765DC2C3E3C4800942603 /* FitnestX */,
				6E8765DB2C3E3C4800942603 /* Products */,
			);
			sourceTree = "<group>";
		};
		6E8765DB2C3E3C4800942603 /* Products */ = {
			isa = PBXGroup;
			children = (
				6E8765DA2C3E3C4800942603 /* FitnestX.app */,
			);
			name = Products;
			sourceTree = "<group>";
		};
		6E8765DC2C3E3C4800942603 /* FitnestX */ = {
			isa = PBXGroup;
			children = (
				6E2C197F2C415B080077D25B /* GoogleService-Info.plist */,
				6E1034712C3ED610002238DD /* Auth */,
				6E10346C2C3EC987002238DD /* ReuseableView */,
				6E10346B2C3EC95A002238DD /* ViewModel */,
				6E1034672C3EC283002238DD /* View */,
				6E8765F02C3E40E000942603 /* ReusableExtensions */,
				6E8765DD2C3E3C4800942603 /* FitnestXApp.swift */,
				6E8765DF2C3E3C4800942603 /* ContentView.swift */,
				6E8765E12C3E3C5D00942603 /* Assets.xcassets */,
				6E8765EB2C3E3DAC00942603 /* Onboarding */,
				6E8765E32C3E3C5D00942603 /* Preview Content */,
			);
			path = FitnestX;
			sourceTree = "<group>";
		};
		6E8765E32C3E3C5D00942603 /* Preview Content */ = {
			isa = PBXGroup;
			children = (
				6E8765E42C3E3C5D00942603 /* Preview Assets.xcassets */,
			);
			path = "Preview Content";
			sourceTree = "<group>";
		};
		6E8765EB2C3E3DAC00942603 /* Onboarding */ = {
			isa = PBXGroup;
			children = (
				6E8765ED2C3E3DDB00942603 /* Model */,
				6E8765EC2C3E3DD400942603 /* View */,
			);
			path = Onboarding;
			sourceTree = "<group>";
		};
		6E8765EC2C3E3DD400942603 /* View */ = {
			isa = PBXGroup;
			children = (
				6E8765EE2C3E3F5500942603 /* IntroScreen.swift */,
				6E8765F32C3E497B00942603 /* OnboardingPage.swift */,
			);
			path = View;
			sourceTree = "<group>";
		};
		6E8765ED2C3E3DDB00942603 /* Model */ = {
			isa = PBXGroup;
			children = (
			);
			path = Model;
			sourceTree = "<group>";
		};
		6E8765F02C3E40E000942603 /* ReusableExtensions */ = {
			isa = PBXGroup;
			children = (
				6E8765F12C3E411300942603 /* Extensions.swift */,
			);
			path = ReusableExtensions;
			sourceTree = "<group>";
		};
		6EAB46742C46B8FA00B3B09F /* Model */ = {
			isa = PBXGroup;
			children = (
				6E23568D2C477A29000A251F /* ChartData.swift */,
				6EAB46752C46B91400B3B09F /* HeartRateData.swift */,
			);
			path = Model;
			sourceTree = "<group>";
		};
/* End PBXGroup section */

/* Begin PBXNativeTarget section */
		6E8765D92C3E3C4800942603 /* FitnestX */ = {
			isa = PBXNativeTarget;
			buildConfigurationList = 6E8765E82C3E3C5D00942603 /* Build configuration list for PBXNativeTarget "FitnestX" */;
			buildPhases = (
				6E8765D62C3E3C4800942603 /* Sources */,
				6E8765D72C3E3C4800942603 /* Frameworks */,
				6E8765D82C3E3C4800942603 /* Resources */,
			);
			buildRules = (
			);
			dependencies = (
			);
			name = FitnestX;
			packageProductDependencies = (
				6E2C19732C4159FD0077D25B /* FirebaseAuth */,
				6E2C19752C4159FD0077D25B /* FirebaseDatabase */,
				6E2C19772C4159FD0077D25B /* FirebaseDatabaseSwift */,
				6E2C19792C4159FD0077D25B /* FirebaseFirestore */,
				6E2C197B2C4159FD0077D25B /* FirebaseFirestoreSwift */,
				6E2C197D2C4159FD0077D25B /* FirebaseStorage */,
				6EEEA2572C4345BB00CAC200 /* GoogleSignIn */,
				6EEEA2592C4345BB00CAC200 /* GoogleSignInSwift */,
			);
			productName = FitnestX;
			productReference = 6E8765DA2C3E3C4800942603 /* FitnestX.app */;
			productType = "com.apple.product-type.application";
		};
/* End PBXNativeTarget section */

/* Begin PBXProject section */
		6E8765D22C3E3C4800942603 /* Project object */ = {
			isa = PBXProject;
			attributes = {
				BuildIndependentTargetsInParallel = 1;
				LastSwiftUpdateCheck = 1540;
				LastUpgradeCheck = 1540;
				TargetAttributes = {
					6E8765D92C3E3C4800942603 = {
						CreatedOnToolsVersion = 15.4;
					};
				};
			};
			buildConfigurationList = 6E8765D52C3E3C4800942603 /* Build configuration list for PBXProject "FitnestX" */;
			compatibilityVersion = "Xcode 14.0";
			developmentRegion = en;
			hasScannedForEncodings = 0;
			knownRegions = (
				en,
				Base,
			);
			mainGroup = 6E8765D12C3E3C4800942603;
			packageReferences = (
				6E2C19722C4159FD0077D25B /* XCRemoteSwiftPackageReference "firebase-ios-sdk" */,
				6EEEA2562C4345BB00CAC200 /* XCRemoteSwiftPackageReference "GoogleSignIn-iOS" */,
			);
			productRefGroup = 6E8765DB2C3E3C4800942603 /* Products */;
			projectDirPath = "";
			projectRoot = "";
			targets = (
				6E8765D92C3E3C4800942603 /* FitnestX */,
			);
		};
/* End PBXProject section */

/* Begin PBXResourcesBuildPhase section */
		6E8765D82C3E3C4800942603 /* Resources */ = {
			isa = PBXResourcesBuildPhase;
			buildActionMask = 2147483647;
			files = (
				6E8765E52C3E3C5D00942603 /* Preview Assets.xcassets in Resources */,
				6EEEA25C2C43477E00CAC200 /* credentials.plist in Resources */,
				6E8765E22C3E3C5D00942603 /* Assets.xcassets in Resources */,
				6E2C19802C415B080077D25B /* GoogleService-Info.plist in Resources */,
			);
			runOnlyForDeploymentPostprocessing = 0;
		};
/* End PBXResourcesBuildPhase section */

/* Begin PBXSourcesBuildPhase section */
		6E8765D62C3E3C4800942603 /* Sources */ = {
			isa = PBXSourcesBuildPhase;
			buildActionMask = 2147483647;
			files = (
				6E2C196D2C402E0A0077D25B /* ProfileDetails.swift in Sources */,
				6E2C196F2C40E9CB0077D25B /* RegistrationAuth.swift in Sources */,
				6E1034742C3ED62E002238DD /* RegisterView.swift in Sources */,
				6EEEA2552C42921700CAC200 /* User.swift in Sources */,
				6E2D4A3D2C3F8E4200FD13A7 /* AuthField.swift in Sources */,
				6EAB46762C46B91400B3B09F /* HeartRateData.swift in Sources */,
				6E2356902C477A48000A251F /* ChartHomeView.swift in Sources */,
				6E1034792C3EDC24002238DD /* CheckBoxView.swift in Sources */,
				6E2356922C47878E000A251F /* WaterIntake.swift in Sources */,
				6E2C198B2C4177DB0077D25B /* MainTabView.swift in Sources */,
				6E8765E02C3E3C4800942603 /* ContentView.swift in Sources */,
				6E2356982C48D628000A251F /* WorkoutProgressView.swift in Sources */,
				6E2C19892C4175960077D25B /* CustomTab.swift in Sources */,
				6EC4A2572C4974C3009E8A47 /* ProgressBar.swift in Sources */,
				6E1034692C3EC296002238DD /* MainViewAuth.swift in Sources */,
				6EAB466F2C4575AE00B3B09F /* RounedSectorSpaceView.swift in Sources */,
				6E2C19932C41786C0077D25B /* ActivityView.swift in Sources */,
				6EAB46712C4575CB00B3B09F /* BMIdata.swift in Sources */,
				6E8765EF2C3E3F5500942603 /* IntroScreen.swift in Sources */,
				6E8765DE2C3E3C4800942603 /* FitnestXApp.swift in Sources */,
				6E23568E2C477A2A000A251F /* ChartData.swift in Sources */,
				6E2C199B2C41792E0077D25B /* ProgressTracker.swift in Sources */,
				6E2D4A3B2C3F8DAD00FD13A7 /* AuthFormView.swift in Sources */,
				6E1034702C3ED3F9002238DD /* CustomTextField.swift in Sources */,
				6E2C198F2C4178090077D25B /* HomeView.swift in Sources */,
				6E8765F22C3E411300942603 /* Extensions.swift in Sources */,
				6E2D4A392C3F35A900FD13A7 /* LoginView.swift in Sources */,
				6E10346E2C3EC9A9002238DD /* CustomButton.swift in Sources */,
				6E8765F42C3E497B00942603 /* OnboardingPage.swift in Sources */,
				6EEEA2532C428F0D00CAC200 /* UserService.swift in Sources */,
				6E2356962C48287F000A251F /* DashboardView.swift in Sources */,
				6E2C19982C4179080077D25B /* Profile.swift in Sources */,
				6E2C19842C4170BE0077D25B /* ProfileHelper.swift in Sources */,
				6E2356942C4810BE000A251F /* SleepView.swift in Sources */,
				6E2C19862C41727C0077D25B /* RegistrationViewHelper.swift in Sources */,
			);
			runOnlyForDeploymentPostprocessing = 0;
		};
/* End PBXSourcesBuildPhase section */

/* Begin XCBuildConfiguration section */
		6E8765E62C3E3C5D00942603 /* Debug */ = {
			isa = XCBuildConfiguration;
			buildSettings = {
				ALWAYS_SEARCH_USER_PATHS = NO;
				ASSETCATALOG_COMPILER_GENERATE_SWIFT_ASSET_SYMBOL_EXTENSIONS = YES;
				CLANG_ANALYZER_NONNULL = YES;
				CLANG_ANALYZER_NUMBER_OBJECT_CONVERSION = YES_AGGRESSIVE;
				CLANG_CXX_LANGUAGE_STANDARD = "gnu++20";
				CLANG_ENABLE_MODULES = YES;
				CLANG_ENABLE_OBJC_ARC = YES;
				CLANG_ENABLE_OBJC_WEAK = YES;
				CLANG_WARN_BLOCK_CAPTURE_AUTORELEASING = YES;
				CLANG_WARN_BOOL_CONVERSION = YES;
				CLANG_WARN_COMMA = YES;
				CLANG_WARN_CONSTANT_CONVERSION = YES;
				CLANG_WARN_DEPRECATED_OBJC_IMPLEMENTATIONS = YES;
				CLANG_WARN_DIRECT_OBJC_ISA_USAGE = YES_ERROR;
				CLANG_WARN_DOCUMENTATION_COMMENTS = YES;
				CLANG_WARN_EMPTY_BODY = YES;
				CLANG_WARN_ENUM_CONVERSION = YES;
				CLANG_WARN_INFINITE_RECURSION = YES;
				CLANG_WARN_INT_CONVERSION = YES;
				CLANG_WARN_NON_LITERAL_NULL_CONVERSION = YES;
				CLANG_WARN_OBJC_IMPLICIT_RETAIN_SELF = YES;
				CLANG_WARN_OBJC_LITERAL_CONVERSION = YES;
				CLANG_WARN_OBJC_ROOT_CLASS = YES_ERROR;
				CLANG_WARN_QUOTED_INCLUDE_IN_FRAMEWORK_HEADER = YES;
				CLANG_WARN_RANGE_LOOP_ANALYSIS = YES;
				CLANG_WARN_STRICT_PROTOTYPES = YES;
				CLANG_WARN_SUSPICIOUS_MOVE = YES;
				CLANG_WARN_UNGUARDED_AVAILABILITY = YES_AGGRESSIVE;
				CLANG_WARN_UNREACHABLE_CODE = YES;
				CLANG_WARN__DUPLICATE_METHOD_MATCH = YES;
				COPY_PHASE_STRIP = NO;
				DEBUG_INFORMATION_FORMAT = dwarf;
				ENABLE_STRICT_OBJC_MSGSEND = YES;
				ENABLE_TESTABILITY = YES;
				ENABLE_USER_SCRIPT_SANDBOXING = YES;
				GCC_C_LANGUAGE_STANDARD = gnu17;
				GCC_DYNAMIC_NO_PIC = NO;
				GCC_NO_COMMON_BLOCKS = YES;
				GCC_OPTIMIZATION_LEVEL = 0;
				GCC_PREPROCESSOR_DEFINITIONS = (
					"DEBUG=1",
					"$(inherited)",
				);
				GCC_WARN_64_TO_32_BIT_CONVERSION = YES;
				GCC_WARN_ABOUT_RETURN_TYPE = YES_ERROR;
				GCC_WARN_UNDECLARED_SELECTOR = YES;
				GCC_WARN_UNINITIALIZED_AUTOS = YES_AGGRESSIVE;
				GCC_WARN_UNUSED_FUNCTION = YES;
				GCC_WARN_UNUSED_VARIABLE = YES;
				IPHONEOS_DEPLOYMENT_TARGET = 17.5;
				LOCALIZATION_PREFERS_STRING_CATALOGS = YES;
				MTL_ENABLE_DEBUG_INFO = INCLUDE_SOURCE;
				MTL_FAST_MATH = YES;
				ONLY_ACTIVE_ARCH = YES;
				SDKROOT = iphoneos;
				SWIFT_ACTIVE_COMPILATION_CONDITIONS = "DEBUG $(inherited)";
				SWIFT_OPTIMIZATION_LEVEL = "-Onone";
			};
			name = Debug;
		};
		6E8765E72C3E3C5D00942603 /* Release */ = {
			isa = XCBuildConfiguration;
			buildSettings = {
				ALWAYS_SEARCH_USER_PATHS = NO;
				ASSETCATALOG_COMPILER_GENERATE_SWIFT_ASSET_SYMBOL_EXTENSIONS = YES;
				CLANG_ANALYZER_NONNULL = YES;
				CLANG_ANALYZER_NUMBER_OBJECT_CONVERSION = YES_AGGRESSIVE;
				CLANG_CXX_LANGUAGE_STANDARD = "gnu++20";
				CLANG_ENABLE_MODULES = YES;
				CLANG_ENABLE_OBJC_ARC = YES;
				CLANG_ENABLE_OBJC_WEAK = YES;
				CLANG_WARN_BLOCK_CAPTURE_AUTORELEASING = YES;
				CLANG_WARN_BOOL_CONVERSION = YES;
				CLANG_WARN_COMMA = YES;
				CLANG_WARN_CONSTANT_CONVERSION = YES;
				CLANG_WARN_DEPRECATED_OBJC_IMPLEMENTATIONS = YES;
				CLANG_WARN_DIRECT_OBJC_ISA_USAGE = YES_ERROR;
				CLANG_WARN_DOCUMENTATION_COMMENTS = YES;
				CLANG_WARN_EMPTY_BODY = YES;
				CLANG_WARN_ENUM_CONVERSION = YES;
				CLANG_WARN_INFINITE_RECURSION = YES;
				CLANG_WARN_INT_CONVERSION = YES;
				CLANG_WARN_NON_LITERAL_NULL_CONVERSION = YES;
				CLANG_WARN_OBJC_IMPLICIT_RETAIN_SELF = YES;
				CLANG_WARN_OBJC_LITERAL_CONVERSION = YES;
				CLANG_WARN_OBJC_ROOT_CLASS = YES_ERROR;
				CLANG_WARN_QUOTED_INCLUDE_IN_FRAMEWORK_HEADER = YES;
				CLANG_WARN_RANGE_LOOP_ANALYSIS = YES;
				CLANG_WARN_STRICT_PROTOTYPES = YES;
				CLANG_WARN_SUSPICIOUS_MOVE = YES;
				CLANG_WARN_UNGUARDED_AVAILABILITY = YES_AGGRESSIVE;
				CLANG_WARN_UNREACHABLE_CODE = YES;
				CLANG_WARN__DUPLICATE_METHOD_MATCH = YES;
				COPY_PHASE_STRIP = NO;
				DEBUG_INFORMATION_FORMAT = "dwarf-with-dsym";
				ENABLE_NS_ASSERTIONS = NO;
				ENABLE_STRICT_OBJC_MSGSEND = YES;
				ENABLE_USER_SCRIPT_SANDBOXING = YES;
				GCC_C_LANGUAGE_STANDARD = gnu17;
				GCC_NO_COMMON_BLOCKS = YES;
				GCC_WARN_64_TO_32_BIT_CONVERSION = YES;
				GCC_WARN_ABOUT_RETURN_TYPE = YES_ERROR;
				GCC_WARN_UNDECLARED_SELECTOR = YES;
				GCC_WARN_UNINITIALIZED_AUTOS = YES_AGGRESSIVE;
				GCC_WARN_UNUSED_FUNCTION = YES;
				GCC_WARN_UNUSED_VARIABLE = YES;
				IPHONEOS_DEPLOYMENT_TARGET = 17.5;
				LOCALIZATION_PREFERS_STRING_CATALOGS = YES;
				MTL_ENABLE_DEBUG_INFO = NO;
				MTL_FAST_MATH = YES;
				SDKROOT = iphoneos;
				SWIFT_COMPILATION_MODE = wholemodule;
				VALIDATE_PRODUCT = YES;
			};
			name = Release;
		};
		6E8765E92C3E3C5D00942603 /* Debug */ = {
			isa = XCBuildConfiguration;
			buildSettings = {
				ASSETCATALOG_COMPILER_APPICON_NAME = AppIcon;
				ASSETCATALOG_COMPILER_GLOBAL_ACCENT_COLOR_NAME = AccentColor;
				CODE_SIGN_STYLE = Automatic;
				CURRENT_PROJECT_VERSION = 1;
				DEVELOPMENT_ASSET_PATHS = "\"FitnestX/Preview Content\"";
				DEVELOPMENT_TEAM = VF9Z9M3349;
				ENABLE_PREVIEWS = YES;
				GENERATE_INFOPLIST_FILE = YES;
				INFOPLIST_KEY_UIApplicationSceneManifest_Generation = YES;
				INFOPLIST_KEY_UIApplicationSupportsIndirectInputEvents = YES;
				INFOPLIST_KEY_UILaunchScreen_Generation = YES;
				INFOPLIST_KEY_UISupportedInterfaceOrientations_iPad = "UIInterfaceOrientationPortrait UIInterfaceOrientationPortraitUpsideDown UIInterfaceOrientationLandscapeLeft UIInterfaceOrientationLandscapeRight";
				INFOPLIST_KEY_UISupportedInterfaceOrientations_iPhone = "UIInterfaceOrientationPortrait UIInterfaceOrientationLandscapeLeft UIInterfaceOrientationLandscapeRight";
				LD_RUNPATH_SEARCH_PATHS = (
					"$(inherited)",
					"@executable_path/Frameworks",
				);
				MARKETING_VERSION = 1.0;
				PRODUCT_BUNDLE_IDENTIFIER = com.luxaplex.FitnestX;
				PRODUCT_NAME = "$(TARGET_NAME)";
				SWIFT_EMIT_LOC_STRINGS = YES;
				SWIFT_VERSION = 5.0;
				TARGETED_DEVICE_FAMILY = "1,2";
			};
			name = Debug;
		};
		6E8765EA2C3E3C5D00942603 /* Release */ = {
			isa = XCBuildConfiguration;
			buildSettings = {
				ASSETCATALOG_COMPILER_APPICON_NAME = AppIcon;
				ASSETCATALOG_COMPILER_GLOBAL_ACCENT_COLOR_NAME = AccentColor;
				CODE_SIGN_STYLE = Automatic;
				CURRENT_PROJECT_VERSION = 1;
				DEVELOPMENT_ASSET_PATHS = "\"FitnestX/Preview Content\"";
				DEVELOPMENT_TEAM = VF9Z9M3349;
				ENABLE_PREVIEWS = YES;
				GENERATE_INFOPLIST_FILE = YES;
				INFOPLIST_KEY_UIApplicationSceneManifest_Generation = YES;
				INFOPLIST_KEY_UIApplicationSupportsIndirectInputEvents = YES;
				INFOPLIST_KEY_UILaunchScreen_Generation = YES;
				INFOPLIST_KEY_UISupportedInterfaceOrientations_iPad = "UIInterfaceOrientationPortrait UIInterfaceOrientationPortraitUpsideDown UIInterfaceOrientationLandscapeLeft UIInterfaceOrientationLandscapeRight";
				INFOPLIST_KEY_UISupportedInterfaceOrientations_iPhone = "UIInterfaceOrientationPortrait UIInterfaceOrientationLandscapeLeft UIInterfaceOrientationLandscapeRight";
				LD_RUNPATH_SEARCH_PATHS = (
					"$(inherited)",
					"@executable_path/Frameworks",
				);
				MARKETING_VERSION = 1.0;
				PRODUCT_BUNDLE_IDENTIFIER = com.luxaplex.FitnestX;
				PRODUCT_NAME = "$(TARGET_NAME)";
				SWIFT_EMIT_LOC_STRINGS = YES;
				SWIFT_VERSION = 5.0;
				TARGETED_DEVICE_FAMILY = "1,2";
			};
			name = Release;
		};
/* End XCBuildConfiguration section */

/* Begin XCConfigurationList section */
		6E8765D52C3E3C4800942603 /* Build configuration list for PBXProject "FitnestX" */ = {
			isa = XCConfigurationList;
			buildConfigurations = (
				6E8765E62C3E3C5D00942603 /* Debug */,
				6E8765E72C3E3C5D00942603 /* Release */,
			);
			defaultConfigurationIsVisible = 0;
			defaultConfigurationName = Release;
		};
		6E8765E82C3E3C5D00942603 /* Build configuration list for PBXNativeTarget "FitnestX" */ = {
			isa = XCConfigurationList;
			buildConfigurations = (
				6E8765E92C3E3C5D00942603 /* Debug */,
				6E8765EA2C3E3C5D00942603 /* Release */,
			);
			defaultConfigurationIsVisible = 0;
			defaultConfigurationName = Release;
		};
/* End XCConfigurationList section */

/* Begin XCRemoteSwiftPackageReference section */
		6E2C19722C4159FD0077D25B /* XCRemoteSwiftPackageReference "firebase-ios-sdk" */ = {
			isa = XCRemoteSwiftPackageReference;
			repositoryURL = "https://github.com/firebase/firebase-ios-sdk";
			requirement = {
				kind = upToNextMajorVersion;
				minimumVersion = 10.29.0;
			};
		};
		6EEEA2562C4345BB00CAC200 /* XCRemoteSwiftPackageReference "GoogleSignIn-iOS" */ = {
			isa = XCRemoteSwiftPackageReference;
			repositoryURL = "https://github.com/google/GoogleSignIn-iOS";
			requirement = {
				kind = upToNextMajorVersion;
				minimumVersion = 7.1.0;
			};
		};
/* End XCRemoteSwiftPackageReference section */

/* Begin XCSwiftPackageProductDependency section */
		6E2C19732C4159FD0077D25B /* FirebaseAuth */ = {
			isa = XCSwiftPackageProductDependency;
			package = 6E2C19722C4159FD0077D25B /* XCRemoteSwiftPackageReference "firebase-ios-sdk" */;
			productName = FirebaseAuth;
		};
		6E2C19752C4159FD0077D25B /* FirebaseDatabase */ = {
			isa = XCSwiftPackageProductDependency;
			package = 6E2C19722C4159FD0077D25B /* XCRemoteSwiftPackageReference "firebase-ios-sdk" */;
			productName = FirebaseDatabase;
		};
		6E2C19772C4159FD0077D25B /* FirebaseDatabaseSwift */ = {
			isa = XCSwiftPackageProductDependency;
			package = 6E2C19722C4159FD0077D25B /* XCRemoteSwiftPackageReference "firebase-ios-sdk" */;
			productName = FirebaseDatabaseSwift;
		};
		6E2C19792C4159FD0077D25B /* FirebaseFirestore */ = {
			isa = XCSwiftPackageProductDependency;
			package = 6E2C19722C4159FD0077D25B /* XCRemoteSwiftPackageReference "firebase-ios-sdk" */;
			productName = FirebaseFirestore;
		};
		6E2C197B2C4159FD0077D25B /* FirebaseFirestoreSwift */ = {
			isa = XCSwiftPackageProductDependency;
			package = 6E2C19722C4159FD0077D25B /* XCRemoteSwiftPackageReference "firebase-ios-sdk" */;
			productName = FirebaseFirestoreSwift;
		};
		6E2C197D2C4159FD0077D25B /* FirebaseStorage */ = {
			isa = XCSwiftPackageProductDependency;
			package = 6E2C19722C4159FD0077D25B /* XCRemoteSwiftPackageReference "firebase-ios-sdk" */;
			productName = FirebaseStorage;
		};
		6EEEA2572C4345BB00CAC200 /* GoogleSignIn */ = {
			isa = XCSwiftPackageProductDependency;
			package = 6EEEA2562C4345BB00CAC200 /* XCRemoteSwiftPackageReference "GoogleSignIn-iOS" */;
			productName = GoogleSignIn;
		};
		6EEEA2592C4345BB00CAC200 /* GoogleSignInSwift */ = {
			isa = XCSwiftPackageProductDependency;
			package = 6EEEA2562C4345BB00CAC200 /* XCRemoteSwiftPackageReference "GoogleSignIn-iOS" */;
			productName = GoogleSignInSwift;
		};
/* End XCSwiftPackageProductDependency section */
	};
	rootObject = 6E8765D22C3E3C4800942603 /* Project object */;
}
